<?xml version="1.0" encoding="utf-8"?>
<Project ToolsVersion="4.0" xmlns="http://schemas.microsoft.com/developer/msbuild/2003">
  <ItemGroup>
    <ClCompile Include="src\main.cpp">
      <Filter>src</Filter>
    </ClCompile>
    <ClCompile Include="..\..\..\addons\ofxOculusRift\src\ofxOculusRift.cpp">
      <Filter>addons\ofxOculusRift\src</Filter>
    </ClCompile>
    <ClCompile Include="..\..\..\addons\ofxOculusRift\libs\3rdParty\TinyXml\tinyxml2.cpp">
      <Filter>addons\ofxOculusRift\libs\3rdParty\TinyXml</Filter>
    </ClCompile>
    <ClCompile Include="..\..\..\addons\ofxOculusRift\libs\LibOVR\Src\Kernel\OVR_Alg.cpp">
      <Filter>addons\ofxOculusRift\libs\LibOVR\Src\Kernel</Filter>
    </ClCompile>
    <ClCompile Include="..\..\..\addons\ofxOculusRift\libs\LibOVR\Src\Kernel\OVR_Allocator.cpp">
      <Filter>addons\ofxOculusRift\libs\LibOVR\Src\Kernel</Filter>
    </ClCompile>
    <ClCompile Include="..\..\..\addons\ofxOculusRift\libs\LibOVR\Src\Kernel\OVR_Atomic.cpp">
      <Filter>addons\ofxOculusRift\libs\LibOVR\Src\Kernel</Filter>
    </ClCompile>
    <ClCompile Include="..\..\..\addons\ofxOculusRift\libs\LibOVR\Src\Kernel\OVR_File.cpp">
      <Filter>addons\ofxOculusRift\libs\LibOVR\Src\Kernel</Filter>
    </ClCompile>
    <ClCompile Include="..\..\..\addons\ofxOculusRift\libs\LibOVR\Src\Kernel\OVR_FileFILE.cpp">
      <Filter>addons\ofxOculusRift\libs\LibOVR\Src\Kernel</Filter>
    </ClCompile>
    <ClCompile Include="..\..\..\addons\ofxOculusRift\libs\LibOVR\Src\Kernel\OVR_Log.cpp">
      <Filter>addons\ofxOculusRift\libs\LibOVR\Src\Kernel</Filter>
    </ClCompile>
    <ClCompile Include="..\..\..\addons\ofxOculusRift\libs\LibOVR\Src\Kernel\OVR_Math.cpp">
      <Filter>addons\ofxOculusRift\libs\LibOVR\Src\Kernel</Filter>
    </ClCompile>
    <ClCompile Include="..\..\..\addons\ofxOculusRift\libs\LibOVR\Src\Kernel\OVR_RefCount.cpp">
      <Filter>addons\ofxOculusRift\libs\LibOVR\Src\Kernel</Filter>
    </ClCompile>
    <ClCompile Include="..\..\..\addons\ofxOculusRift\libs\LibOVR\Src\Kernel\OVR_Std.cpp">
      <Filter>addons\ofxOculusRift\libs\LibOVR\Src\Kernel</Filter>
    </ClCompile>
    <ClCompile Include="..\..\..\addons\ofxOculusRift\libs\LibOVR\Src\Kernel\OVR_String.cpp">
      <Filter>addons\ofxOculusRift\libs\LibOVR\Src\Kernel</Filter>
    </ClCompile>
    <ClCompile Include="..\..\..\addons\ofxOculusRift\libs\LibOVR\Src\Kernel\OVR_String_FormatUtil.cpp">
      <Filter>addons\ofxOculusRift\libs\LibOVR\Src\Kernel</Filter>
    </ClCompile>
    <ClCompile Include="..\..\..\addons\ofxOculusRift\libs\LibOVR\Src\Kernel\OVR_String_PathUtil.cpp">
      <Filter>addons\ofxOculusRift\libs\LibOVR\Src\Kernel</Filter>
    </ClCompile>
    <ClCompile Include="..\..\..\addons\ofxOculusRift\libs\LibOVR\Src\Kernel\OVR_SysFile.cpp">
      <Filter>addons\ofxOculusRift\libs\LibOVR\Src\Kernel</Filter>
    </ClCompile>
    <ClCompile Include="..\..\..\addons\ofxOculusRift\libs\LibOVR\Src\Kernel\OVR_System.cpp">
      <Filter>addons\ofxOculusRift\libs\LibOVR\Src\Kernel</Filter>
    </ClCompile>
    <ClCompile Include="..\..\..\addons\ofxOculusRift\libs\LibOVR\Src\Kernel\OVR_ThreadsWinAPI.cpp">
      <Filter>addons\ofxOculusRift\libs\LibOVR\Src\Kernel</Filter>
    </ClCompile>
    <ClCompile Include="..\..\..\addons\ofxOculusRift\libs\LibOVR\Src\Kernel\OVR_Timer.cpp">
      <Filter>addons\ofxOculusRift\libs\LibOVR\Src\Kernel</Filter>
    </ClCompile>
    <ClCompile Include="..\..\..\addons\ofxOculusRift\libs\LibOVR\Src\Kernel\OVR_UTF8Util.cpp">
      <Filter>addons\ofxOculusRift\libs\LibOVR\Src\Kernel</Filter>
    </ClCompile>
    <ClCompile Include="..\..\..\addons\ofxOculusRift\libs\LibOVR\Src\OVR_DeviceHandle.cpp">
      <Filter>addons\ofxOculusRift\libs\LibOVR\Src</Filter>
    </ClCompile>
    <ClCompile Include="..\..\..\addons\ofxOculusRift\libs\LibOVR\Src\OVR_DeviceImpl.cpp">
      <Filter>addons\ofxOculusRift\libs\LibOVR\Src</Filter>
    </ClCompile>
    <ClCompile Include="..\..\..\addons\ofxOculusRift\libs\LibOVR\Src\OVR_JSON.cpp">
      <Filter>addons\ofxOculusRift\libs\LibOVR\Src</Filter>
    </ClCompile>
    <ClCompile Include="..\..\..\addons\ofxOculusRift\libs\LibOVR\Src\OVR_LatencyTestImpl.cpp">
      <Filter>addons\ofxOculusRift\libs\LibOVR\Src</Filter>
    </ClCompile>
    <ClCompile Include="..\..\..\addons\ofxOculusRift\libs\LibOVR\Src\OVR_Profile.cpp">
      <Filter>addons\ofxOculusRift\libs\LibOVR\Src</Filter>
    </ClCompile>
    <ClCompile Include="..\..\..\addons\ofxOculusRift\libs\LibOVR\Src\OVR_SensorFilter.cpp">
      <Filter>addons\ofxOculusRift\libs\LibOVR\Src</Filter>
    </ClCompile>
    <ClCompile Include="..\..\..\addons\ofxOculusRift\libs\LibOVR\Src\OVR_SensorFusion.cpp">
      <Filter>addons\ofxOculusRift\libs\LibOVR\Src</Filter>
    </ClCompile>
    <ClCompile Include="..\..\..\addons\ofxOculusRift\libs\LibOVR\Src\OVR_SensorImpl.cpp">
      <Filter>addons\ofxOculusRift\libs\LibOVR\Src</Filter>
    </ClCompile>
    <ClCompile Include="..\..\..\addons\ofxOculusRift\libs\LibOVR\Src\OVR_ThreadCommandQueue.cpp">
      <Filter>addons\ofxOculusRift\libs\LibOVR\Src</Filter>
    </ClCompile>
    <ClCompile Include="..\..\..\addons\ofxOculusRift\libs\LibOVR\Src\OVR_Win32_DeviceManager.cpp">
      <Filter>addons\ofxOculusRift\libs\LibOVR\Src</Filter>
    </ClCompile>
    <ClCompile Include="..\..\..\addons\ofxOculusRift\libs\LibOVR\Src\OVR_Win32_DeviceStatus.cpp">
      <Filter>addons\ofxOculusRift\libs\LibOVR\Src</Filter>
    </ClCompile>
    <ClCompile Include="..\..\..\addons\ofxOculusRift\libs\LibOVR\Src\OVR_Win32_HIDDevice.cpp">
      <Filter>addons\ofxOculusRift\libs\LibOVR\Src</Filter>
    </ClCompile>
    <ClCompile Include="..\..\..\addons\ofxOculusRift\libs\LibOVR\Src\OVR_Win32_HMDDevice.cpp">
      <Filter>addons\ofxOculusRift\libs\LibOVR\Src</Filter>
    </ClCompile>
    <ClCompile Include="..\..\..\addons\ofxOculusRift\libs\LibOVR\Src\OVR_Win32_SensorDevice.cpp">
      <Filter>addons\ofxOculusRift\libs\LibOVR\Src</Filter>
    </ClCompile>
    <ClCompile Include="..\..\..\addons\ofxOculusRift\libs\LibOVR\Src\Util\Util_LatencyTest.cpp">
      <Filter>addons\ofxOculusRift\libs\LibOVR\Src\Util</Filter>
    </ClCompile>
    <ClCompile Include="..\..\..\addons\ofxOculusRift\libs\LibOVR\Src\Util\Util_Render_Stereo.cpp">
      <Filter>addons\ofxOculusRift\libs\LibOVR\Src\Util</Filter>
    </ClCompile>
    <ClCompile Include="src\ofApp.cpp">
      <Filter>src</Filter>
    </ClCompile>
  </ItemGroup>
  <ItemGroup>
    <Filter Include="src">
      <UniqueIdentifier>{d8376475-7454-4a24-b08a-aac121d3ad6f}</UniqueIdentifier>
    </Filter>
    <Filter Include="addons">
      <UniqueIdentifier>{71834F65-F3A9-211E-73B8-DC85}</UniqueIdentifier>
    </Filter>
    <Filter Include="addons\ofxOculusRift">
      <UniqueIdentifier>{346FE353-0B5C-A059-6DC3-E32B}</UniqueIdentifier>
    </Filter>
    <Filter Include="addons\ofxOculusRift\src">
      <UniqueIdentifier>{AA6F80FB-5524-19AF-EEA6-AA37}</UniqueIdentifier>
    </Filter>
    <Filter Include="addons\ofxOculusRift\libs">
      <UniqueIdentifier>{019123AF-D690-5189-C389-AD65}</UniqueIdentifier>
    </Filter>
    <Filter Include="addons\ofxOculusRift\libs\3rdParty">
      <UniqueIdentifier>{E45A07C7-E9FD-9B6C-8A30-2629}</UniqueIdentifier>
    </Filter>
    <Filter Include="addons\ofxOculusRift\libs\3rdParty\TinyXml">
      <UniqueIdentifier>{103440F8-5C81-FABE-3DD4-24DD}</UniqueIdentifier>
    </Filter>
    <Filter Include="addons\ofxOculusRift\libs\LibOVR">
      <UniqueIdentifier>{9A7B5107-D48F-D247-BBA2-5242}</UniqueIdentifier>
    </Filter>
    <Filter Include="addons\ofxOculusRift\libs\LibOVR\Include">
      <UniqueIdentifier>{C931DF69-53DB-9133-1E43-9CE2}</UniqueIdentifier>
    </Filter>
    <Filter Include="addons\ofxOculusRift\libs\LibOVR\Src">
      <UniqueIdentifier>{99E188DD-CDC0-29F0-CCBA-81DD}</UniqueIdentifier>
    </Filter>
    <Filter Include="addons\ofxOculusRift\libs\LibOVR\Src\Kernel">
      <UniqueIdentifier>{08ED152E-4B99-39D2-65EF-2066}</UniqueIdentifier>
    </Filter>
    <Filter Include="addons\ofxOculusRift\libs\LibOVR\Src\Util">
      <UniqueIdentifier>{29E8BC22-BE0D-C481-51DE-333E}</UniqueIdentifier>
    </Filter>
    <Filter Include="src\Utils">
      <UniqueIdentifier>{04018342-6eff-4d45-b125-c3596155e7e8}</UniqueIdentifier>
    </Filter>
    <Filter Include="src\Utils\Cameras">
      <UniqueIdentifier>{29689243-3628-45cd-a798-1c4bc462909c}</UniqueIdentifier>
    </Filter>
  </ItemGroup>
  <ItemGroup>
    <ClInclude Include="..\..\..\addons\ofxOculusRift\src\ofxOculusRift.h">
      <Filter>addons\ofxOculusRift\src</Filter>
    </ClInclude>
    <ClInclude Include="..\..\..\addons\ofxOculusRift\libs\3rdParty\TinyXml\tinyxml2.h">
      <Filter>addons\ofxOculusRift\libs\3rdParty\TinyXml</Filter>
    </ClInclude>
    <ClInclude Include="..\..\..\addons\ofxOculusRift\libs\LibOVR\Include\OVR.h">
      <Filter>addons\ofxOculusRift\libs\LibOVR\Include</Filter>
    </ClInclude>
    <ClInclude Include="..\..\..\addons\ofxOculusRift\libs\LibOVR\Include\OVRVersion.h">
      <Filter>addons\ofxOculusRift\libs\LibOVR\Include</Filter>
    </ClInclude>
    <ClInclude Include="..\..\..\addons\ofxOculusRift\libs\LibOVR\Src\Kernel\OVR_Alg.h">
      <Filter>addons\ofxOculusRift\libs\LibOVR\Src\Kernel</Filter>
    </ClInclude>
    <ClInclude Include="..\..\..\addons\ofxOculusRift\libs\LibOVR\Src\Kernel\OVR_Allocator.h">
      <Filter>addons\ofxOculusRift\libs\LibOVR\Src\Kernel</Filter>
    </ClInclude>
    <ClInclude Include="..\..\..\addons\ofxOculusRift\libs\LibOVR\Src\Kernel\OVR_Array.h">
      <Filter>addons\ofxOculusRift\libs\LibOVR\Src\Kernel</Filter>
    </ClInclude>
    <ClInclude Include="..\..\..\addons\ofxOculusRift\libs\LibOVR\Src\Kernel\OVR_Atomic.h">
      <Filter>addons\ofxOculusRift\libs\LibOVR\Src\Kernel</Filter>
    </ClInclude>
    <ClInclude Include="..\..\..\addons\ofxOculusRift\libs\LibOVR\Src\Kernel\OVR_Color.h">
      <Filter>addons\ofxOculusRift\libs\LibOVR\Src\Kernel</Filter>
    </ClInclude>
    <ClInclude Include="..\..\..\addons\ofxOculusRift\libs\LibOVR\Src\Kernel\OVR_ContainerAllocator.h">
      <Filter>addons\ofxOculusRift\libs\LibOVR\Src\Kernel</Filter>
    </ClInclude>
    <ClInclude Include="..\..\..\addons\ofxOculusRift\libs\LibOVR\Src\Kernel\OVR_File.h">
      <Filter>addons\ofxOculusRift\libs\LibOVR\Src\Kernel</Filter>
    </ClInclude>
    <ClInclude Include="..\..\..\addons\ofxOculusRift\libs\LibOVR\Src\Kernel\OVR_Hash.h">
      <Filter>addons\ofxOculusRift\libs\LibOVR\Src\Kernel</Filter>
    </ClInclude>
    <ClInclude Include="..\..\..\addons\ofxOculusRift\libs\LibOVR\Src\Kernel\OVR_KeyCodes.h">
      <Filter>addons\ofxOculusRift\libs\LibOVR\Src\Kernel</Filter>
    </ClInclude>
    <ClInclude Include="..\..\..\addons\ofxOculusRift\libs\LibOVR\Src\Kernel\OVR_List.h">
      <Filter>addons\ofxOculusRift\libs\LibOVR\Src\Kernel</Filter>
    </ClInclude>
    <ClInclude Include="..\..\..\addons\ofxOculusRift\libs\LibOVR\Src\Kernel\OVR_Log.h">
      <Filter>addons\ofxOculusRift\libs\LibOVR\Src\Kernel</Filter>
    </ClInclude>
    <ClInclude Include="..\..\..\addons\ofxOculusRift\libs\LibOVR\Src\Kernel\OVR_Math.h">
      <Filter>addons\ofxOculusRift\libs\LibOVR\Src\Kernel</Filter>
    </ClInclude>
    <ClInclude Include="..\..\..\addons\ofxOculusRift\libs\LibOVR\Src\Kernel\OVR_RefCount.h">
      <Filter>addons\ofxOculusRift\libs\LibOVR\Src\Kernel</Filter>
    </ClInclude>
    <ClInclude Include="..\..\..\addons\ofxOculusRift\libs\LibOVR\Src\Kernel\OVR_Std.h">
      <Filter>addons\ofxOculusRift\libs\LibOVR\Src\Kernel</Filter>
    </ClInclude>
    <ClInclude Include="..\..\..\addons\ofxOculusRift\libs\LibOVR\Src\Kernel\OVR_String.h">
      <Filter>addons\ofxOculusRift\libs\LibOVR\Src\Kernel</Filter>
    </ClInclude>
    <ClInclude Include="..\..\..\addons\ofxOculusRift\libs\LibOVR\Src\Kernel\OVR_StringHash.h">
      <Filter>addons\ofxOculusRift\libs\LibOVR\Src\Kernel</Filter>
    </ClInclude>
    <ClInclude Include="..\..\..\addons\ofxOculusRift\libs\LibOVR\Src\Kernel\OVR_SysFile.h">
      <Filter>addons\ofxOculusRift\libs\LibOVR\Src\Kernel</Filter>
    </ClInclude>
    <ClInclude Include="..\..\..\addons\ofxOculusRift\libs\LibOVR\Src\Kernel\OVR_System.h">
      <Filter>addons\ofxOculusRift\libs\LibOVR\Src\Kernel</Filter>
    </ClInclude>
    <ClInclude Include="..\..\..\addons\ofxOculusRift\libs\LibOVR\Src\Kernel\OVR_Threads.h">
      <Filter>addons\ofxOculusRift\libs\LibOVR\Src\Kernel</Filter>
    </ClInclude>
    <ClInclude Include="..\..\..\addons\ofxOculusRift\libs\LibOVR\Src\Kernel\OVR_Timer.h">
      <Filter>addons\ofxOculusRift\libs\LibOVR\Src\Kernel</Filter>
    </ClInclude>
    <ClInclude Include="..\..\..\addons\ofxOculusRift\libs\LibOVR\Src\Kernel\OVR_Types.h">
      <Filter>addons\ofxOculusRift\libs\LibOVR\Src\Kernel</Filter>
    </ClInclude>
    <ClInclude Include="..\..\..\addons\ofxOculusRift\libs\LibOVR\Src\Kernel\OVR_UTF8Util.h">
      <Filter>addons\ofxOculusRift\libs\LibOVR\Src\Kernel</Filter>
    </ClInclude>
    <ClInclude Include="..\..\..\addons\ofxOculusRift\libs\LibOVR\Src\OVR_Device.h">
      <Filter>addons\ofxOculusRift\libs\LibOVR\Src</Filter>
    </ClInclude>
    <ClInclude Include="..\..\..\addons\ofxOculusRift\libs\LibOVR\Src\OVR_DeviceConstants.h">
      <Filter>addons\ofxOculusRift\libs\LibOVR\Src</Filter>
    </ClInclude>
    <ClInclude Include="..\..\..\addons\ofxOculusRift\libs\LibOVR\Src\OVR_DeviceHandle.h">
      <Filter>addons\ofxOculusRift\libs\LibOVR\Src</Filter>
    </ClInclude>
    <ClInclude Include="..\..\..\addons\ofxOculusRift\libs\LibOVR\Src\OVR_DeviceImpl.h">
      <Filter>addons\ofxOculusRift\libs\LibOVR\Src</Filter>
    </ClInclude>
    <ClInclude Include="..\..\..\addons\ofxOculusRift\libs\LibOVR\Src\OVR_DeviceMessages.h">
      <Filter>addons\ofxOculusRift\libs\LibOVR\Src</Filter>
    </ClInclude>
    <ClInclude Include="..\..\..\addons\ofxOculusRift\libs\LibOVR\Src\OVR_HIDDevice.h">
      <Filter>addons\ofxOculusRift\libs\LibOVR\Src</Filter>
    </ClInclude>
    <ClInclude Include="..\..\..\addons\ofxOculusRift\libs\LibOVR\Src\OVR_HIDDeviceBase.h">
      <Filter>addons\ofxOculusRift\libs\LibOVR\Src</Filter>
    </ClInclude>
    <ClInclude Include="..\..\..\addons\ofxOculusRift\libs\LibOVR\Src\OVR_HIDDeviceImpl.h">
      <Filter>addons\ofxOculusRift\libs\LibOVR\Src</Filter>
    </ClInclude>
    <ClInclude Include="..\..\..\addons\ofxOculusRift\libs\LibOVR\Src\OVR_JSON.h">
      <Filter>addons\ofxOculusRift\libs\LibOVR\Src</Filter>
    </ClInclude>
    <ClInclude Include="..\..\..\addons\ofxOculusRift\libs\LibOVR\Src\OVR_LatencyTestImpl.h">
      <Filter>addons\ofxOculusRift\libs\LibOVR\Src</Filter>
    </ClInclude>
    <ClInclude Include="..\..\..\addons\ofxOculusRift\libs\LibOVR\Src\OVR_Profile.h">
      <Filter>addons\ofxOculusRift\libs\LibOVR\Src</Filter>
    </ClInclude>
    <ClInclude Include="..\..\..\addons\ofxOculusRift\libs\LibOVR\Src\OVR_SensorFilter.h">
      <Filter>addons\ofxOculusRift\libs\LibOVR\Src</Filter>
    </ClInclude>
    <ClInclude Include="..\..\..\addons\ofxOculusRift\libs\LibOVR\Src\OVR_SensorFusion.h">
      <Filter>addons\ofxOculusRift\libs\LibOVR\Src</Filter>
    </ClInclude>
    <ClInclude Include="..\..\..\addons\ofxOculusRift\libs\LibOVR\Src\OVR_SensorImpl.h">
      <Filter>addons\ofxOculusRift\libs\LibOVR\Src</Filter>
    </ClInclude>
    <ClInclude Include="..\..\..\addons\ofxOculusRift\libs\LibOVR\Src\OVR_ThreadCommandQueue.h">
      <Filter>addons\ofxOculusRift\libs\LibOVR\Src</Filter>
    </ClInclude>
    <ClInclude Include="..\..\..\addons\ofxOculusRift\libs\LibOVR\Src\OVR_Win32_DeviceManager.h">
      <Filter>addons\ofxOculusRift\libs\LibOVR\Src</Filter>
    </ClInclude>
    <ClInclude Include="..\..\..\addons\ofxOculusRift\libs\LibOVR\Src\OVR_Win32_DeviceStatus.h">
      <Filter>addons\ofxOculusRift\libs\LibOVR\Src</Filter>
    </ClInclude>
    <ClInclude Include="..\..\..\addons\ofxOculusRift\libs\LibOVR\Src\OVR_Win32_HIDDevice.h">
      <Filter>addons\ofxOculusRift\libs\LibOVR\Src</Filter>
    </ClInclude>
    <ClInclude Include="..\..\..\addons\ofxOculusRift\libs\LibOVR\Src\OVR_Win32_HMDDevice.h">
      <Filter>addons\ofxOculusRift\libs\LibOVR\Src</Filter>
    </ClInclude>
    <ClInclude Include="..\..\..\addons\ofxOculusRift\libs\LibOVR\Src\OVR_Win32_SensorDevice.h">
      <Filter>addons\ofxOculusRift\libs\LibOVR\Src</Filter>
    </ClInclude>
    <ClInclude Include="..\..\..\addons\ofxOculusRift\libs\LibOVR\Src\Util\Util_LatencyTest.h">
      <Filter>addons\ofxOculusRift\libs\LibOVR\Src\Util</Filter>
    </ClInclude>
    <ClInclude Include="..\..\..\addons\ofxOculusRift\libs\LibOVR\Src\Util\Util_Render_Stereo.h">
      <Filter>addons\ofxOculusRift\libs\LibOVR\Src\Util</Filter>
    </ClInclude>
    <ClInclude Include="src\Utils\Cameras\ofxFirstPersonCamera.h">
      <Filter>src\Utils\Cameras</Filter>
    </ClInclude>
    <ClInclude Include="src\Utils\Cameras\ofxWalkingFirstPersonCamera.h">
      <Filter>src\Utils\Cameras</Filter>
    </ClInclude>
    <ClInclude Include="src\Utils\Cameras\ofxWalkingFirstPersonCameraOculus.h">
      <Filter>src\Utils\Cameras</Filter>
    </ClInclude>
    <ClInclude Include="src\ofApp.h">
      <Filter>src</Filter>
    </ClInclude>
  </ItemGroup>
  <ItemGroup>
    <ResourceCompile Include="icon.rc" />
  </ItemGroup>
</Project>